// !$*UTF8*$!
{
	archiveVersion = 1;
	classes = {
	};
	objectVersion = 46;
	objects = {

/* Begin PBXBuildFile section */
		93B0156CA96AFE76FBDAEF75 /* libPods-BeautifulGalleryTests.a in Frameworks */ = {isa = PBXBuildFile; fileRef = CDCC3F897AD27478CD4B47C6 /* libPods-BeautifulGalleryTests.a */; };
		AFBCA9F01ECF420300FFBE5A /* GalleryCollectionModel+Networking.m in Sources */ = {isa = PBXBuildFile; fileRef = AFBCA9EF1ECF420300FFBE5A /* GalleryCollectionModel+Networking.m */; };
		AFBCAA011ED0B91A00FFBE5A /* GalleryCollectionObject.m in Sources */ = {isa = PBXBuildFile; fileRef = AFBCAA001ED0B91A00FFBE5A /* GalleryCollectionObject.m */; };
		AFBCAA041ED0C70200FFBE5A /* GalleryCollectionObject+ResponseParsing.m in Sources */ = {isa = PBXBuildFile; fileRef = AFBCAA031ED0C70200FFBE5A /* GalleryCollectionObject+ResponseParsing.m */; };
		AFBCAA091ED0DB0B00FFBE5A /* Icons.xcassets in Resources */ = {isa = PBXBuildFile; fileRef = AFBCAA081ED0DB0B00FFBE5A /* Icons.xcassets */; };
		AFFEEEFE1ECF317B00159090 /* main.m in Sources */ = {isa = PBXBuildFile; fileRef = AFFEEEFD1ECF317B00159090 /* main.m */; };
		AFFEEF011ECF317B00159090 /* AppDelegate.m in Sources */ = {isa = PBXBuildFile; fileRef = AFFEEF001ECF317B00159090 /* AppDelegate.m */; };
		AFFEEF071ECF317B00159090 /* Main.storyboard in Resources */ = {isa = PBXBuildFile; fileRef = AFFEEF051ECF317B00159090 /* Main.storyboard */; };
		AFFEEF0C1ECF317B00159090 /* LaunchScreen.storyboard in Resources */ = {isa = PBXBuildFile; fileRef = AFFEEF0A1ECF317B00159090 /* LaunchScreen.storyboard */; };
		AFFEEF171ECF317B00159090 /* BeautifulGalleryTests.m in Sources */ = {isa = PBXBuildFile; fileRef = AFFEEF161ECF317B00159090 /* BeautifulGalleryTests.m */; };
		AFFEEF261ECF369600159090 /* GalleryCollectionCollectionViewController.m in Sources */ = {isa = PBXBuildFile; fileRef = AFFEEF251ECF369600159090 /* GalleryCollectionCollectionViewController.m */; };
		AFFEEF2B1ECF36DA00159090 /* GalleryCollectionModel.m in Sources */ = {isa = PBXBuildFile; fileRef = AFFEEF2A1ECF36DA00159090 /* GalleryCollectionModel.m */; };
		D24DB331D8295179C5A3B987 /* libPods-BeautifulGallery.a in Frameworks */ = {isa = PBXBuildFile; fileRef = 17B9B914DD87A4A590845154 /* libPods-BeautifulGallery.a */; };
/* End PBXBuildFile section */

/* Begin PBXContainerItemProxy section */
		AFFEEF131ECF317B00159090 /* PBXContainerItemProxy */ = {
			isa = PBXContainerItemProxy;
			containerPortal = AFFEEEF11ECF317B00159090 /* Project object */;
			proxyType = 1;
			remoteGlobalIDString = AFFEEEF81ECF317B00159090;
			remoteInfo = BeautifulGallery;
		};
/* End PBXContainerItemProxy section */

/* Begin PBXFileReference section */
		1415EC5E3A4517031BAAB143 /* Pods-BeautifulGalleryTests.debug.xcconfig */ = {isa = PBXFileReference; includeInIndex = 1; lastKnownFileType = text.xcconfig; name = "Pods-BeautifulGalleryTests.debug.xcconfig"; path = "Pods/Target Support Files/Pods-BeautifulGalleryTests/Pods-BeautifulGalleryTests.debug.xcconfig"; sourceTree = "<group>"; };
		17B9B914DD87A4A590845154 /* libPods-BeautifulGallery.a */ = {isa = PBXFileReference; explicitFileType = archive.ar; includeInIndex = 0; path = "libPods-BeautifulGallery.a"; sourceTree = BUILT_PRODUCTS_DIR; };
		748A2C6AD012A6175F6BAE63 /* Pods-BeautifulGallery.debug.xcconfig */ = {isa = PBXFileReference; includeInIndex = 1; lastKnownFileType = text.xcconfig; name = "Pods-BeautifulGallery.debug.xcconfig"; path = "Pods/Target Support Files/Pods-BeautifulGallery/Pods-BeautifulGallery.debug.xcconfig"; sourceTree = "<group>"; };
		90D465F9066010A869B4449F /* Pods-BeautifulGalleryTests.release.xcconfig */ = {isa = PBXFileReference; includeInIndex = 1; lastKnownFileType = text.xcconfig; name = "Pods-BeautifulGalleryTests.release.xcconfig"; path = "Pods/Target Support Files/Pods-BeautifulGalleryTests/Pods-BeautifulGalleryTests.release.xcconfig"; sourceTree = "<group>"; };
		AFBCA9EE1ECF420300FFBE5A /* GalleryCollectionModel+Networking.h */ = {isa = PBXFileReference; fileEncoding = 4; lastKnownFileType = sourcecode.c.h; path = "GalleryCollectionModel+Networking.h"; sourceTree = "<group>"; };
		AFBCA9EF1ECF420300FFBE5A /* GalleryCollectionModel+Networking.m */ = {isa = PBXFileReference; fileEncoding = 4; lastKnownFileType = sourcecode.c.objc; path = "GalleryCollectionModel+Networking.m"; sourceTree = "<group>"; };
		AFBCA9F61ECF440800FFBE5A /* GalleryCollectionModel_Private.h */ = {isa = PBXFileReference; fileEncoding = 4; lastKnownFileType = sourcecode.c.h; path = GalleryCollectionModel_Private.h; sourceTree = "<group>"; };
		AFBCA9FF1ED0B91A00FFBE5A /* GalleryCollectionObject.h */ = {isa = PBXFileReference; fileEncoding = 4; lastKnownFileType = sourcecode.c.h; path = GalleryCollectionObject.h; sourceTree = "<group>"; };
		AFBCAA001ED0B91A00FFBE5A /* GalleryCollectionObject.m */ = {isa = PBXFileReference; fileEncoding = 4; lastKnownFileType = sourcecode.c.objc; path = GalleryCollectionObject.m; sourceTree = "<group>"; };
		AFBCAA021ED0C70200FFBE5A /* GalleryCollectionObject+ResponseParsing.h */ = {isa = PBXFileReference; fileEncoding = 4; lastKnownFileType = sourcecode.c.h; path = "GalleryCollectionObject+ResponseParsing.h"; sourceTree = "<group>"; };
		AFBCAA031ED0C70200FFBE5A /* GalleryCollectionObject+ResponseParsing.m */ = {isa = PBXFileReference; fileEncoding = 4; lastKnownFileType = sourcecode.c.objc; path = "GalleryCollectionObject+ResponseParsing.m"; sourceTree = "<group>"; };
		AFBCAA081ED0DB0B00FFBE5A /* Icons.xcassets */ = {isa = PBXFileReference; lastKnownFileType = folder.assetcatalog; name = Icons.xcassets; path = ../Icons.xcassets; sourceTree = "<group>"; };
		AFFEEEF91ECF317B00159090 /* BeautifulGallery.app */ = {isa = PBXFileReference; explicitFileType = wrapper.application; includeInIndex = 0; path = BeautifulGallery.app; sourceTree = BUILT_PRODUCTS_DIR; };
		AFFEEEFD1ECF317B00159090 /* main.m */ = {isa = PBXFileReference; lastKnownFileType = sourcecode.c.objc; path = main.m; sourceTree = "<group>"; };
		AFFEEEFF1ECF317B00159090 /* AppDelegate.h */ = {isa = PBXFileReference; lastKnownFileType = sourcecode.c.h; path = AppDelegate.h; sourceTree = "<group>"; };
		AFFEEF001ECF317B00159090 /* AppDelegate.m */ = {isa = PBXFileReference; lastKnownFileType = sourcecode.c.objc; path = AppDelegate.m; sourceTree = "<group>"; };
		AFFEEF061ECF317B00159090 /* Base */ = {isa = PBXFileReference; lastKnownFileType = file.storyboard; name = Base; path = Base.lproj/Main.storyboard; sourceTree = "<group>"; };
		AFFEEF0B1ECF317B00159090 /* Base */ = {isa = PBXFileReference; lastKnownFileType = file.storyboard; name = Base; path = Base.lproj/LaunchScreen.storyboard; sourceTree = "<group>"; };
		AFFEEF0D1ECF317B00159090 /* Info.plist */ = {isa = PBXFileReference; lastKnownFileType = text.plist.xml; path = Info.plist; sourceTree = "<group>"; };
		AFFEEF121ECF317B00159090 /* BeautifulGalleryTests.xctest */ = {isa = PBXFileReference; explicitFileType = wrapper.cfbundle; includeInIndex = 0; path = BeautifulGalleryTests.xctest; sourceTree = BUILT_PRODUCTS_DIR; };
		AFFEEF161ECF317B00159090 /* BeautifulGalleryTests.m */ = {isa = PBXFileReference; lastKnownFileType = sourcecode.c.objc; path = BeautifulGalleryTests.m; sourceTree = "<group>"; };
		AFFEEF181ECF317B00159090 /* Info.plist */ = {isa = PBXFileReference; lastKnownFileType = text.plist.xml; path = Info.plist; sourceTree = "<group>"; };
		AFFEEF241ECF369600159090 /* GalleryCollectionCollectionViewController.h */ = {isa = PBXFileReference; fileEncoding = 4; lastKnownFileType = sourcecode.c.h; name = GalleryCollectionCollectionViewController.h; path = "View Controllers/GalleryCollectionCollectionViewController.h"; sourceTree = "<group>"; };
		AFFEEF251ECF369600159090 /* GalleryCollectionCollectionViewController.m */ = {isa = PBXFileReference; fileEncoding = 4; lastKnownFileType = sourcecode.c.objc; name = GalleryCollectionCollectionViewController.m; path = "View Controllers/GalleryCollectionCollectionViewController.m"; sourceTree = "<group>"; };
		AFFEEF291ECF36DA00159090 /* GalleryCollectionModel.h */ = {isa = PBXFileReference; fileEncoding = 4; lastKnownFileType = sourcecode.c.h; path = GalleryCollectionModel.h; sourceTree = "<group>"; };
		AFFEEF2A1ECF36DA00159090 /* GalleryCollectionModel.m */ = {isa = PBXFileReference; fileEncoding = 4; lastKnownFileType = sourcecode.c.objc; path = GalleryCollectionModel.m; sourceTree = "<group>"; };
		BE3B2EE029BFF2BBBA03C743 /* Pods-BeautifulGallery.release.xcconfig */ = {isa = PBXFileReference; includeInIndex = 1; lastKnownFileType = text.xcconfig; name = "Pods-BeautifulGallery.release.xcconfig"; path = "Pods/Target Support Files/Pods-BeautifulGallery/Pods-BeautifulGallery.release.xcconfig"; sourceTree = "<group>"; };
		CDCC3F897AD27478CD4B47C6 /* libPods-BeautifulGalleryTests.a */ = {isa = PBXFileReference; explicitFileType = archive.ar; includeInIndex = 0; path = "libPods-BeautifulGalleryTests.a"; sourceTree = BUILT_PRODUCTS_DIR; };
/* End PBXFileReference section */

/* Begin PBXFrameworksBuildPhase section */
		AFFEEEF61ECF317B00159090 /* Frameworks */ = {
			isa = PBXFrameworksBuildPhase;
			buildActionMask = 2147483647;
			files = (
				D24DB331D8295179C5A3B987 /* libPods-BeautifulGallery.a in Frameworks */,
			);
			runOnlyForDeploymentPostprocessing = 0;
		};
		AFFEEF0F1ECF317B00159090 /* Frameworks */ = {
			isa = PBXFrameworksBuildPhase;
			buildActionMask = 2147483647;
			files = (
				93B0156CA96AFE76FBDAEF75 /* libPods-BeautifulGalleryTests.a in Frameworks */,
			);
			runOnlyForDeploymentPostprocessing = 0;
		};
/* End PBXFrameworksBuildPhase section */

/* Begin PBXGroup section */
		80ACB2490447213FC4DC1E08 /* Frameworks */ = {
			isa = PBXGroup;
			children = (
				17B9B914DD87A4A590845154 /* libPods-BeautifulGallery.a */,
				CDCC3F897AD27478CD4B47C6 /* libPods-BeautifulGalleryTests.a */,
			);
			name = Frameworks;
			sourceTree = "<group>";
		};
		AFBCA9F91ECF446F00FFBE5A /* Networking */ = {
			isa = PBXGroup;
			children = (
				AFBCA9EE1ECF420300FFBE5A /* GalleryCollectionModel+Networking.h */,
				AFBCA9EF1ECF420300FFBE5A /* GalleryCollectionModel+Networking.m */,
			);
			name = Networking;
			sourceTree = "<group>";
		};
		AFBCA9FA1ECF447600FFBE5A /* Private */ = {
			isa = PBXGroup;
			children = (
				AFBCA9F61ECF440800FFBE5A /* GalleryCollectionModel_Private.h */,
			);
			name = Private;
			sourceTree = "<group>";
		};
		AFBCAA071ED0C80600FFBE5A /* JSON Parsing */ = {
			isa = PBXGroup;
			children = (
				AFBCAA021ED0C70200FFBE5A /* GalleryCollectionObject+ResponseParsing.h */,
				AFBCAA031ED0C70200FFBE5A /* GalleryCollectionObject+ResponseParsing.m */,
			);
			name = "JSON Parsing";
			sourceTree = "<group>";
		};
		AFFEEEF01ECF317B00159090 = {
			isa = PBXGroup;
			children = (
				AFFEEEFB1ECF317B00159090 /* BeautifulGallery */,
				AFFEEF151ECF317B00159090 /* BeautifulGalleryTests */,
				AFFEEEFA1ECF317B00159090 /* Products */,
				E220CBEB52E2046833E35DDC /* Pods */,
				80ACB2490447213FC4DC1E08 /* Frameworks */,
			);
			sourceTree = "<group>";
		};
		AFFEEEFA1ECF317B00159090 /* Products */ = {
			isa = PBXGroup;
			children = (
				AFFEEEF91ECF317B00159090 /* BeautifulGallery.app */,
				AFFEEF121ECF317B00159090 /* BeautifulGalleryTests.xctest */,
			);
			name = Products;
			sourceTree = "<group>";
		};
		AFFEEEFB1ECF317B00159090 /* BeautifulGallery */ = {
			isa = PBXGroup;
			children = (
				AFFEEF281ECF36B500159090 /* Models */,
				AFFEEF271ECF369D00159090 /* View Controllers */,
				AFFEEEFF1ECF317B00159090 /* AppDelegate.h */,
				AFFEEF001ECF317B00159090 /* AppDelegate.m */,
				AFFEEF051ECF317B00159090 /* Main.storyboard */,
				AFFEEF0A1ECF317B00159090 /* LaunchScreen.storyboard */,
				AFFEEF0D1ECF317B00159090 /* Info.plist */,
				AFBCAA081ED0DB0B00FFBE5A /* Icons.xcassets */,
				AFFEEEFC1ECF317B00159090 /* Supporting Files */,
			);
			path = BeautifulGallery;
			sourceTree = "<group>";
		};
		AFFEEEFC1ECF317B00159090 /* Supporting Files */ = {
			isa = PBXGroup;
			children = (
				AFFEEEFD1ECF317B00159090 /* main.m */,
			);
			name = "Supporting Files";
			sourceTree = "<group>";
		};
		AFFEEF151ECF317B00159090 /* BeautifulGalleryTests */ = {
			isa = PBXGroup;
			children = (
				AFFEEF161ECF317B00159090 /* BeautifulGalleryTests.m */,
				AFFEEF181ECF317B00159090 /* Info.plist */,
			);
			path = BeautifulGalleryTests;
			sourceTree = "<group>";
		};
		AFFEEF271ECF369D00159090 /* View Controllers */ = {
			isa = PBXGroup;
			children = (
				AFFEEF241ECF369600159090 /* GalleryCollectionCollectionViewController.h */,
				AFFEEF251ECF369600159090 /* GalleryCollectionCollectionViewController.m */,
			);
			name = "View Controllers";
			sourceTree = "<group>";
		};
		AFFEEF281ECF36B500159090 /* Models */ = {
			isa = PBXGroup;
			children = (
				AFBCAA071ED0C80600FFBE5A /* JSON Parsing */,
				AFBCA9FA1ECF447600FFBE5A /* Private */,
				AFBCA9F91ECF446F00FFBE5A /* Networking */,
				AFFEEF291ECF36DA00159090 /* GalleryCollectionModel.h */,
				AFFEEF2A1ECF36DA00159090 /* GalleryCollectionModel.m */,
				AFBCA9FF1ED0B91A00FFBE5A /* GalleryCollectionObject.h */,
				AFBCAA001ED0B91A00FFBE5A /* GalleryCollectionObject.m */,
			);
			name = Models;
			sourceTree = "<group>";
		};
		E220CBEB52E2046833E35DDC /* Pods */ = {
			isa = PBXGroup;
			children = (
				748A2C6AD012A6175F6BAE63 /* Pods-BeautifulGallery.debug.xcconfig */,
				BE3B2EE029BFF2BBBA03C743 /* Pods-BeautifulGallery.release.xcconfig */,
				1415EC5E3A4517031BAAB143 /* Pods-BeautifulGalleryTests.debug.xcconfig */,
				90D465F9066010A869B4449F /* Pods-BeautifulGalleryTests.release.xcconfig */,
			);
			name = Pods;
			sourceTree = "<group>";
		};
/* End PBXGroup section */

/* Begin PBXNativeTarget section */
		AFFEEEF81ECF317B00159090 /* BeautifulGallery */ = {
			isa = PBXNativeTarget;
			buildConfigurationList = AFFEEF1B1ECF317B00159090 /* Build configuration list for PBXNativeTarget "BeautifulGallery" */;
			buildPhases = (
				A2414B5F3312FBBB947889EC /* [CP] Check Pods Manifest.lock */,
				AFFEEEF51ECF317B00159090 /* Sources */,
				AFFEEEF61ECF317B00159090 /* Frameworks */,
				AFFEEEF71ECF317B00159090 /* Resources */,
				2002193CEA7E8CA1D3BA3DF8 /* [CP] Embed Pods Frameworks */,
				91C9D1A96F8B54A7A473809F /* [CP] Copy Pods Resources */,
			);
			buildRules = (
			);
			dependencies = (
			);
			name = BeautifulGallery;
			productName = BeautifulGallery;
			productReference = AFFEEEF91ECF317B00159090 /* BeautifulGallery.app */;
			productType = "com.apple.product-type.application";
		};
		AFFEEF111ECF317B00159090 /* BeautifulGalleryTests */ = {
			isa = PBXNativeTarget;
			buildConfigurationList = AFFEEF1E1ECF317B00159090 /* Build configuration list for PBXNativeTarget "BeautifulGalleryTests" */;
			buildPhases = (
				C92DE4EE71860E8E5CC1BCC5 /* [CP] Check Pods Manifest.lock */,
				AFFEEF0E1ECF317B00159090 /* Sources */,
				AFFEEF0F1ECF317B00159090 /* Frameworks */,
				AFFEEF101ECF317B00159090 /* Resources */,
				027DE04C3AE2BB320CC50A5D /* [CP] Embed Pods Frameworks */,
				E0FAAB8ED5F48AA327C3087E /* [CP] Copy Pods Resources */,
			);
			buildRules = (
			);
			dependencies = (
				AFFEEF141ECF317B00159090 /* PBXTargetDependency */,
			);
			name = BeautifulGalleryTests;
			productName = BeautifulGalleryTests;
			productReference = AFFEEF121ECF317B00159090 /* BeautifulGalleryTests.xctest */;
			productType = "com.apple.product-type.bundle.unit-test";
		};
/* End PBXNativeTarget section */

/* Begin PBXProject section */
		AFFEEEF11ECF317B00159090 /* Project object */ = {
			isa = PBXProject;
			attributes = {
				LastUpgradeCheck = 0830;
				ORGANIZATIONNAME = "Budyn&Friends";
				TargetAttributes = {
					AFFEEEF81ECF317B00159090 = {
						CreatedOnToolsVersion = 8.3.2;
						DevelopmentTeam = AD6M7L74H7;
						ProvisioningStyle = Automatic;
					};
					AFFEEF111ECF317B00159090 = {
						CreatedOnToolsVersion = 8.3.2;
						DevelopmentTeam = AD6M7L74H7;
						ProvisioningStyle = Automatic;
						TestTargetID = AFFEEEF81ECF317B00159090;
					};
				};
			};
			buildConfigurationList = AFFEEEF41ECF317B00159090 /* Build configuration list for PBXProject "BeautifulGallery" */;
			compatibilityVersion = "Xcode 3.2";
			developmentRegion = English;
			hasScannedForEncodings = 0;
			knownRegions = (
				en,
				Base,
			);
			mainGroup = AFFEEEF01ECF317B00159090;
			productRefGroup = AFFEEEFA1ECF317B00159090 /* Products */;
			projectDirPath = "";
			projectRoot = "";
			targets = (
				AFFEEEF81ECF317B00159090 /* BeautifulGallery */,
				AFFEEF111ECF317B00159090 /* BeautifulGalleryTests */,
			);
		};
/* End PBXProject section */

/* Begin PBXResourcesBuildPhase section */
		AFFEEEF71ECF317B00159090 /* Resources */ = {
			isa = PBXResourcesBuildPhase;
			buildActionMask = 2147483647;
			files = (
				AFFEEF0C1ECF317B00159090 /* LaunchScreen.storyboard in Resources */,
				AFBCAA091ED0DB0B00FFBE5A /* Icons.xcassets in Resources */,
				AFFEEF071ECF317B00159090 /* Main.storyboard in Resources */,
			);
			runOnlyForDeploymentPostprocessing = 0;
		};
		AFFEEF101ECF317B00159090 /* Resources */ = {
			isa = PBXResourcesBuildPhase;
			buildActionMask = 2147483647;
			files = (
			);
			runOnlyForDeploymentPostprocessing = 0;
		};
/* End PBXResourcesBuildPhase section */

/* Begin PBXShellScriptBuildPhase section */
		027DE04C3AE2BB320CC50A5D /* [CP] Embed Pods Frameworks */ = {
			isa = PBXShellScriptBuildPhase;
			buildActionMask = 2147483647;
			files = (
			);
			inputPaths = (
			);
			name = "[CP] Embed Pods Frameworks";
			outputPaths = (
			);
			runOnlyForDeploymentPostprocessing = 0;
			shellPath = /bin/sh;
			shellScript = "\"${SRCROOT}/Pods/Target Support Files/Pods-BeautifulGalleryTests/Pods-BeautifulGalleryTests-frameworks.sh\"\n";
			showEnvVarsInLog = 0;
		};
		2002193CEA7E8CA1D3BA3DF8 /* [CP] Embed Pods Frameworks */ = {
			isa = PBXShellScriptBuildPhase;
			buildActionMask = 2147483647;
			files = (
			);
			inputPaths = (
			);
			name = "[CP] Embed Pods Frameworks";
			outputPaths = (
			);
			runOnlyForDeploymentPostprocessing = 0;
			shellPath = /bin/sh;
			shellScript = "\"${SRCROOT}/Pods/Target Support Files/Pods-BeautifulGallery/Pods-BeautifulGallery-frameworks.sh\"\n";
			showEnvVarsInLog = 0;
		};
		91C9D1A96F8B54A7A473809F /* [CP] Copy Pods Resources */ = {
			isa = PBXShellScriptBuildPhase;
			buildActionMask = 2147483647;
			files = (
			);
			inputPaths = (
			);
			name = "[CP] Copy Pods Resources";
			outputPaths = (
			);
			runOnlyForDeploymentPostprocessing = 0;
			shellPath = /bin/sh;
			shellScript = "\"${SRCROOT}/Pods/Target Support Files/Pods-BeautifulGallery/Pods-BeautifulGallery-resources.sh\"\n";
			showEnvVarsInLog = 0;
		};
		A2414B5F3312FBBB947889EC /* [CP] Check Pods Manifest.lock */ = {
			isa = PBXShellScriptBuildPhase;
			buildActionMask = 2147483647;
			files = (
			);
			inputPaths = (
			);
			name = "[CP] Check Pods Manifest.lock";
			outputPaths = (
			);
			runOnlyForDeploymentPostprocessing = 0;
			shellPath = /bin/sh;
			shellScript = "diff \"${PODS_PODFILE_DIR_PATH}/Podfile.lock\" \"${PODS_ROOT}/Manifest.lock\" > /dev/null\nif [ $? != 0 ] ; then\n    # print error to STDERR\n    echo \"error: The sandbox is not in sync with the Podfile.lock. Run 'pod install' or update your CocoaPods installation.\" >&2\n    exit 1\nfi\n";
			showEnvVarsInLog = 0;
		};
		C92DE4EE71860E8E5CC1BCC5 /* [CP] Check Pods Manifest.lock */ = {
			isa = PBXShellScriptBuildPhase;
			buildActionMask = 2147483647;
			files = (
			);
			inputPaths = (
			);
			name = "[CP] Check Pods Manifest.lock";
			outputPaths = (
			);
			runOnlyForDeploymentPostprocessing = 0;
			shellPath = /bin/sh;
			shellScript = "diff \"${PODS_PODFILE_DIR_PATH}/Podfile.lock\" \"${PODS_ROOT}/Manifest.lock\" > /dev/null\nif [ $? != 0 ] ; then\n    # print error to STDERR\n    echo \"error: The sandbox is not in sync with the Podfile.lock. Run 'pod install' or update your CocoaPods installation.\" >&2\n    exit 1\nfi\n";
			showEnvVarsInLog = 0;
		};
		E0FAAB8ED5F48AA327C3087E /* [CP] Copy Pods Resources */ = {
			isa = PBXShellScriptBuildPhase;
			buildActionMask = 2147483647;
			files = (
			);
			inputPaths = (
			);
			name = "[CP] Copy Pods Resources";
			outputPaths = (
			);
			runOnlyForDeploymentPostprocessing = 0;
			shellPath = /bin/sh;
			shellScript = "\"${SRCROOT}/Pods/Target Support Files/Pods-BeautifulGalleryTests/Pods-BeautifulGalleryTests-resources.sh\"\n";
			showEnvVarsInLog = 0;
		};
/* End PBXShellScriptBuildPhase section */

/* Begin PBXSourcesBuildPhase section */
		AFFEEEF51ECF317B00159090 /* Sources */ = {
			isa = PBXSourcesBuildPhase;
			buildActionMask = 2147483647;
			files = (
				AFFEEF2B1ECF36DA00159090 /* GalleryCollectionModel.m in Sources */,
				AFFEEF011ECF317B00159090 /* AppDelegate.m in Sources */,
				AFFEEEFE1ECF317B00159090 /* main.m in Sources */,
				AFBCAA011ED0B91A00FFBE5A /* GalleryCollectionObject.m in Sources */,
				AFBCAA041ED0C70200FFBE5A /* GalleryCollectionObject+ResponseParsing.m in Sources */,
				AFFEEF261ECF369600159090 /* GalleryCollectionCollectionViewController.m in Sources */,
				AFBCA9F01ECF420300FFBE5A /* GalleryCollectionModel+Networking.m in Sources */,
			);
			runOnlyForDeploymentPostprocessing = 0;
		};
		AFFEEF0E1ECF317B00159090 /* Sources */ = {
			isa = PBXSourcesBuildPhase;
			buildActionMask = 2147483647;
			files = (
				AFFEEF171ECF317B00159090 /* BeautifulGalleryTests.m in Sources */,
			);
			runOnlyForDeploymentPostprocessing = 0;
		};
/* End PBXSourcesBuildPhase section */

/* Begin PBXTargetDependency section */
		AFFEEF141ECF317B00159090 /* PBXTargetDependency */ = {
			isa = PBXTargetDependency;
			target = AFFEEEF81ECF317B00159090 /* BeautifulGallery */;
			targetProxy = AFFEEF131ECF317B00159090 /* PBXContainerItemProxy */;
		};
/* End PBXTargetDependency section */

/* Begin PBXVariantGroup section */
		AFFEEF051ECF317B00159090 /* Main.storyboard */ = {
			isa = PBXVariantGroup;
			children = (
				AFFEEF061ECF317B00159090 /* Base */,
			);
			name = Main.storyboard;
			sourceTree = "<group>";
		};
		AFFEEF0A1ECF317B00159090 /* LaunchScreen.storyboard */ = {
			isa = PBXVariantGroup;
			children = (
				AFFEEF0B1ECF317B00159090 /* Base */,
			);
			name = LaunchScreen.storyboard;
			sourceTree = "<group>";
		};
/* End PBXVariantGroup section */

/* Begin XCBuildConfiguration section */
		AFFEEF191ECF317B00159090 /* Debug */ = {
			isa = XCBuildConfiguration;
			buildSettings = {
				ALWAYS_SEARCH_USER_PATHS = NO;
				CLANG_ANALYZER_NONNULL = YES;
				CLANG_ANALYZER_NUMBER_OBJECT_CONVERSION = YES_AGGRESSIVE;
				CLANG_CXX_LANGUAGE_STANDARD = "gnu++0x";
				CLANG_CXX_LIBRARY = "libc++";
				CLANG_ENABLE_MODULES = YES;
				CLANG_ENABLE_OBJC_ARC = YES;
				CLANG_WARN_BOOL_CONVERSION = YES;
				CLANG_WARN_CONSTANT_CONVERSION = YES;
				CLANG_WARN_DIRECT_OBJC_ISA_USAGE = YES_ERROR;
				CLANG_WARN_DOCUMENTATION_COMMENTS = YES;
				CLANG_WARN_EMPTY_BODY = YES;
				CLANG_WARN_ENUM_CONVERSION = YES;
				CLANG_WARN_INFINITE_RECURSION = YES;
				CLANG_WARN_INT_CONVERSION = YES;
				CLANG_WARN_OBJC_ROOT_CLASS = YES_ERROR;
				CLANG_WARN_SUSPICIOUS_MOVE = YES;
				CLANG_WARN_UNREACHABLE_CODE = YES;
				CLANG_WARN__DUPLICATE_METHOD_MATCH = YES;
				"CODE_SIGN_IDENTITY[sdk=iphoneos*]" = "iPhone Developer";
				COPY_PHASE_STRIP = NO;
				DEBUG_INFORMATION_FORMAT = dwarf;
				ENABLE_STRICT_OBJC_MSGSEND = YES;
				ENABLE_TESTABILITY = YES;
				GCC_C_LANGUAGE_STANDARD = gnu99;
				GCC_DYNAMIC_NO_PIC = NO;
				GCC_NO_COMMON_BLOCKS = YES;
				GCC_OPTIMIZATION_LEVEL = 0;
				GCC_PREPROCESSOR_DEFINITIONS = (
					"DEBUG=1",
					"$(inherited)",
				);
				GCC_WARN_64_TO_32_BIT_CONVERSION = YES;
				GCC_WARN_ABOUT_RETURN_TYPE = YES_ERROR;
				GCC_WARN_UNDECLARED_SELECTOR = YES;
				GCC_WARN_UNINITIALIZED_AUTOS = YES_AGGRESSIVE;
				GCC_WARN_UNUSED_FUNCTION = YES;
				GCC_WARN_UNUSED_VARIABLE = YES;
				IPHONEOS_DEPLOYMENT_TARGET = 10.3;
				MTL_ENABLE_DEBUG_INFO = YES;
				ONLY_ACTIVE_ARCH = YES;
				SDKROOT = iphoneos;
				TARGETED_DEVICE_FAMILY = "1,2";
			};
			name = Debug;
		};
		AFFEEF1A1ECF317B00159090 /* Release */ = {
			isa = XCBuildConfiguration;
			buildSettings = {
				ALWAYS_SEARCH_USER_PATHS = NO;
				CLANG_ANALYZER_NONNULL = YES;
				CLANG_ANALYZER_NUMBER_OBJECT_CONVERSION = YES_AGGRESSIVE;
				CLANG_CXX_LANGUAGE_STANDARD = "gnu++0x";
				CLANG_CXX_LIBRARY = "libc++";
				CLANG_ENABLE_MODULES = YES;
				CLANG_ENABLE_OBJC_ARC = YES;
				CLANG_WARN_BOOL_CONVERSION = YES;
				CLANG_WARN_CONSTANT_CONVERSION = YES;
				CLANG_WARN_DIRECT_OBJC_ISA_USAGE = YES_ERROR;
				CLANG_WARN_DOCUMENTATION_COMMENTS = YES;
				CLANG_WARN_EMPTY_BODY = YES;
				CLANG_WARN_ENUM_CONVERSION = YES;
				CLANG_WARN_INFINITE_RECURSION = YES;
				CLANG_WARN_INT_CONVERSION = YES;
				CLANG_WARN_OBJC_ROOT_CLASS = YES_ERROR;
				CLANG_WARN_SUSPICIOUS_MOVE = YES;
				CLANG_WARN_UNREACHABLE_CODE = YES;
				CLANG_WARN__DUPLICATE_METHOD_MATCH = YES;
				"CODE_SIGN_IDENTITY[sdk=iphoneos*]" = "iPhone Developer";
				COPY_PHASE_STRIP = NO;
				DEBUG_INFORMATION_FORMAT = "dwarf-with-dsym";
				ENABLE_NS_ASSERTIONS = NO;
				ENABLE_STRICT_OBJC_MSGSEND = YES;
				GCC_C_LANGUAGE_STANDARD = gnu99;
				GCC_NO_COMMON_BLOCKS = YES;
				GCC_WARN_64_TO_32_BIT_CONVERSION = YES;
				GCC_WARN_ABOUT_RETURN_TYPE = YES_ERROR;
				GCC_WARN_UNDECLARED_SELECTOR = YES;
				GCC_WARN_UNINITIALIZED_AUTOS = YES_AGGRESSIVE;
				GCC_WARN_UNUSED_FUNCTION = YES;
				GCC_WARN_UNUSED_VARIABLE = YES;
				IPHONEOS_DEPLOYMENT_TARGET = 10.3;
				MTL_ENABLE_DEBUG_INFO = NO;
				SDKROOT = iphoneos;
				TARGETED_DEVICE_FAMILY = "1,2";
				VALIDATE_PRODUCT = YES;
			};
			name = Release;
		};
		AFFEEF1C1ECF317B00159090 /* Debug */ = {
			isa = XCBuildConfiguration;
			baseConfigurationReference = 748A2C6AD012A6175F6BAE63 /* Pods-BeautifulGallery.debug.xcconfig */;
			buildSettings = {
				ASSETCATALOG_COMPILER_APPICON_NAME = AppIcon;
				DEVELOPMENT_TEAM = AD6M7L74H7;
				INFOPLIST_FILE = BeautifulGallery/Info.plist;
				IPHONEOS_DEPLOYMENT_TARGET = 10.0;
				LD_RUNPATH_SEARCH_PATHS = "$(inherited) @executable_path/Frameworks";
				PRODUCT_BUNDLE_IDENTIFIER = com.budynandfriends.apps.BeautifulGallery;
				PRODUCT_NAME = "$(TARGET_NAME)";
			};
			name = Debug;
		};
		AFFEEF1D1ECF317B00159090 /* Release */ = {
			isa = XCBuildConfiguration;
			baseConfigurationReference = BE3B2EE029BFF2BBBA03C743 /* Pods-BeautifulGallery.release.xcconfig */;
			buildSettings = {
				ASSETCATALOG_COMPILER_APPICON_NAME = AppIcon;
				DEVELOPMENT_TEAM = AD6M7L74H7;
				INFOPLIST_FILE = BeautifulGallery/Info.plist;
				IPHONEOS_DEPLOYMENT_TARGET = 10.0;
				LD_RUNPATH_SEARCH_PATHS = "$(inherited) @executable_path/Frameworks";
				PRODUCT_BUNDLE_IDENTIFIER = com.budynandfriends.apps.BeautifulGallery;
				PRODUCT_NAME = "$(TARGET_NAME)";
			};
			name = Release;
		};
		AFFEEF1F1ECF317B00159090 /* Debug */ = {
			isa = XCBuildConfiguration;
			baseConfigurationReference = 1415EC5E3A4517031BAAB143 /* Pods-BeautifulGalleryTests.debug.xcconfig */;
			buildSettings = {
				BUNDLE_LOADER = "$(TEST_HOST)";
				DEVELOPMENT_TEAM = AD6M7L74H7;
				INFOPLIST_FILE = BeautifulGalleryTests/Info.plist;
				LD_RUNPATH_SEARCH_PATHS = "$(inherited) @executable_path/Frameworks @loader_path/Frameworks";
				PRODUCT_BUNDLE_IDENTIFIER = com.budynandfriends.apps.BeautifulGalleryTests;
				PRODUCT_NAME = "$(TARGET_NAME)";
				TEST_HOST = "$(BUILT_PRODUCTS_DIR)/BeautifulGallery.app/BeautifulGallery";
			};
			name = Debug;
		};
		AFFEEF201ECF317B00159090 /* Release */ = {
			isa = XCBuildConfiguration;
			baseConfigurationReference = 90D465F9066010A869B4449F /* Pods-BeautifulGalleryTests.release.xcconfig */;
			buildSettings = {
				BUNDLE_LOADER = "$(TEST_HOST)";
				DEVELOPMENT_TEAM = AD6M7L74H7;
				INFOPLIST_FILE = BeautifulGalleryTests/Info.plist;
				LD_RUNPATH_SEARCH_PATHS = "$(inherited) @executable_path/Frameworks @loader_path/Frameworks";
				PRODUCT_BUNDLE_IDENTIFIER = com.budynandfriends.apps.BeautifulGalleryTests;
				PRODUCT_NAME = "$(TARGET_NAME)";
				TEST_HOST = "$(BUILT_PRODUCTS_DIR)/BeautifulGallery.app/BeautifulGallery";
			};
			name = Release;
		};
/* End XCBuildConfiguration section */

/* Begin XCConfigurationList section */
		AFFEEEF41ECF317B00159090 /* Build configuration list for PBXProject "BeautifulGallery" */ = {
			isa = XCConfigurationList;
			buildConfigurations = (
				AFFEEF191ECF317B00159090 /* Debug */,
				AFFEEF1A1ECF317B00159090 /* Release */,
			);
			defaultConfigurationIsVisible = 0;
			defaultConfigurationName = Release;
		};
		AFFEEF1B1ECF317B00159090 /* Build configuration list for PBXNativeTarget "BeautifulGallery" */ = {
			isa = XCConfigurationList;
			buildConfigurations = (
				AFFEEF1C1ECF317B00159090 /* Debug */,
				AFFEEF1D1ECF317B00159090 /* Release */,
			);
			defaultConfigurationIsVisible = 0;
			defaultConfigurationName = Release;
		};
		AFFEEF1E1ECF317B00159090 /* Build configuration list for PBXNativeTarget "BeautifulGalleryTests" */ = {
			isa = XCConfigurationList;
			buildConfigurations = (
				AFFEEF1F1ECF317B00159090 /* Debug */,
				AFFEEF201ECF317B00159090 /* Release */,
			);
			defaultConfigurationIsVisible = 0;
			defaultConfigurationName = Release;
		};
/* End XCConfigurationList section */
	};
	rootObject = AFFEEEF11ECF317B00159090 /* Project object */;
}
